// !$*UTF8*$!
{
	archiveVersion = 1;
	classes = {
	};
	objectVersion = 46;
	objects = {

/* Begin PBXBuildFile section */
		ABDE86F1A3F94D1D9FF234E3 /* libPods.a in Frameworks */ = {isa = PBXBuildFile; fileRef = 50A8C702D27F4F76A3975F0B /* libPods.a */; };
		EF169E52182A04F200748603 /* Foundation.framework in Frameworks */ = {isa = PBXBuildFile; fileRef = EF169E51182A04F200748603 /* Foundation.framework */; };
		EF169E54182A04F200748603 /* CoreGraphics.framework in Frameworks */ = {isa = PBXBuildFile; fileRef = EF169E53182A04F200748603 /* CoreGraphics.framework */; };
		EF169E56182A04F200748603 /* UIKit.framework in Frameworks */ = {isa = PBXBuildFile; fileRef = EF169E55182A04F200748603 /* UIKit.framework */; };
		EF169E5C182A04F200748603 /* InfoPlist.strings in Resources */ = {isa = PBXBuildFile; fileRef = EF169E5A182A04F200748603 /* InfoPlist.strings */; };
		EF169E5E182A04F200748603 /* main.m in Sources */ = {isa = PBXBuildFile; fileRef = EF169E5D182A04F200748603 /* main.m */; };
		EF169E62182A04F200748603 /* AppDelegate.m in Sources */ = {isa = PBXBuildFile; fileRef = EF169E61182A04F200748603 /* AppDelegate.m */; };
		EF169E65182A04F200748603 /* Main.storyboard in Resources */ = {isa = PBXBuildFile; fileRef = EF169E63182A04F200748603 /* Main.storyboard */; };
		EF169E68182A04F200748603 /* ViewController.m in Sources */ = {isa = PBXBuildFile; fileRef = EF169E67182A04F200748603 /* ViewController.m */; };
		EF169E6A182A04F200748603 /* Images.xcassets in Resources */ = {isa = PBXBuildFile; fileRef = EF169E69182A04F200748603 /* Images.xcassets */; };
		EF169E71182A04F300748603 /* XCTest.framework in Frameworks */ = {isa = PBXBuildFile; fileRef = EF169E70182A04F300748603 /* XCTest.framework */; };
		EF169E72182A04F300748603 /* Foundation.framework in Frameworks */ = {isa = PBXBuildFile; fileRef = EF169E51182A04F200748603 /* Foundation.framework */; };
		EF169E73182A04F300748603 /* UIKit.framework in Frameworks */ = {isa = PBXBuildFile; fileRef = EF169E55182A04F200748603 /* UIKit.framework */; };
		EF169E7B182A04F300748603 /* InfoPlist.strings in Resources */ = {isa = PBXBuildFile; fileRef = EF169E79182A04F300748603 /* InfoPlist.strings */; };
		EF169E7D182A04F300748603 /* TherMalTests.m in Sources */ = {isa = PBXBuildFile; fileRef = EF169E7C182A04F300748603 /* TherMalTests.m */; };
		EF169E88182A059F00748603 /* Thermal.m in Sources */ = {isa = PBXBuildFile; fileRef = EF169E87182A059F00748603 /* Thermal.m */; };
		EF169E8B182A05B500748603 /* FollowUp.m in Sources */ = {isa = PBXBuildFile; fileRef = EF169E8A182A05B500748603 /* FollowUp.m */; };
		EF169E8E182A0F0A00748603 /* Encasements.m in Sources */ = {isa = PBXBuildFile; fileRef = EF169E8D182A0F0A00748603 /* Encasements.m */; };
		EF169E91182A0F1E00748603 /* Interceptors.m in Sources */ = {isa = PBXBuildFile; fileRef = EF169E90182A0F1E00748603 /* Interceptors.m */; };
		EF3A10F4183B323D00ED99B4 /* ACEViewController.m in Sources */ = {isa = PBXBuildFile; fileRef = EF3A10F3183B323D00ED99B4 /* ACEViewController.m */; };
		EFBEDE7D1835D55300C3DB8C /* Units.m in Sources */ = {isa = PBXBuildFile; fileRef = EFBEDE7C1835D55300C3DB8C /* Units.m */; };
/* End PBXBuildFile section */

/* Begin PBXContainerItemProxy section */
		EF169E74182A04F300748603 /* PBXContainerItemProxy */ = {
			isa = PBXContainerItemProxy;
			containerPortal = EF169E46182A04F200748603 /* Project object */;
			proxyType = 1;
			remoteGlobalIDString = EF169E4D182A04F200748603;
			remoteInfo = TherMal;
		};
/* End PBXContainerItemProxy section */

/* Begin PBXFileReference section */
		50A8C702D27F4F76A3975F0B /* libPods.a */ = {isa = PBXFileReference; explicitFileType = archive.ar; includeInIndex = 0; path = libPods.a; sourceTree = BUILT_PRODUCTS_DIR; };
		652E559E17664679B40A9821 /* Pods.xcconfig */ = {isa = PBXFileReference; includeInIndex = 1; lastKnownFileType = text.xcconfig; name = Pods.xcconfig; path = Pods/Pods.xcconfig; sourceTree = "<group>"; };
		EF169E4E182A04F200748603 /* TherMal.app */ = {isa = PBXFileReference; explicitFileType = wrapper.application; includeInIndex = 0; path = TherMal.app; sourceTree = BUILT_PRODUCTS_DIR; };
		EF169E51182A04F200748603 /* Foundation.framework */ = {isa = PBXFileReference; lastKnownFileType = wrapper.framework; name = Foundation.framework; path = System/Library/Frameworks/Foundation.framework; sourceTree = SDKROOT; };
		EF169E53182A04F200748603 /* CoreGraphics.framework */ = {isa = PBXFileReference; lastKnownFileType = wrapper.framework; name = CoreGraphics.framework; path = System/Library/Frameworks/CoreGraphics.framework; sourceTree = SDKROOT; };
		EF169E55182A04F200748603 /* UIKit.framework */ = {isa = PBXFileReference; lastKnownFileType = wrapper.framework; name = UIKit.framework; path = System/Library/Frameworks/UIKit.framework; sourceTree = SDKROOT; };
		EF169E59182A04F200748603 /* TherMal-Info.plist */ = {isa = PBXFileReference; lastKnownFileType = text.plist.xml; path = "TherMal-Info.plist"; sourceTree = "<group>"; };
		EF169E5B182A04F200748603 /* en */ = {isa = PBXFileReference; lastKnownFileType = text.plist.strings; name = en; path = en.lproj/InfoPlist.strings; sourceTree = "<group>"; };
		EF169E5D182A04F200748603 /* main.m */ = {isa = PBXFileReference; lastKnownFileType = sourcecode.c.objc; path = main.m; sourceTree = "<group>"; };
		EF169E5F182A04F200748603 /* TherMal-Prefix.pch */ = {isa = PBXFileReference; lastKnownFileType = sourcecode.c.h; path = "TherMal-Prefix.pch"; sourceTree = "<group>"; };
		EF169E60182A04F200748603 /* AppDelegate.h */ = {isa = PBXFileReference; lastKnownFileType = sourcecode.c.h; path = AppDelegate.h; sourceTree = "<group>"; };
		EF169E61182A04F200748603 /* AppDelegate.m */ = {isa = PBXFileReference; lastKnownFileType = sourcecode.c.objc; path = AppDelegate.m; sourceTree = "<group>"; };
		EF169E64182A04F200748603 /* Base */ = {isa = PBXFileReference; lastKnownFileType = file.storyboard; name = Base; path = Base.lproj/Main.storyboard; sourceTree = "<group>"; };
		EF169E66182A04F200748603 /* ViewController.h */ = {isa = PBXFileReference; lastKnownFileType = sourcecode.c.h; path = ViewController.h; sourceTree = "<group>"; };
		EF169E67182A04F200748603 /* ViewController.m */ = {isa = PBXFileReference; lastKnownFileType = sourcecode.c.objc; path = ViewController.m; sourceTree = "<group>"; };
		EF169E69182A04F200748603 /* Images.xcassets */ = {isa = PBXFileReference; lastKnownFileType = folder.assetcatalog; path = Images.xcassets; sourceTree = "<group>"; };
		EF169E6F182A04F300748603 /* TherMalTests.xctest */ = {isa = PBXFileReference; explicitFileType = wrapper.cfbundle; includeInIndex = 0; path = TherMalTests.xctest; sourceTree = BUILT_PRODUCTS_DIR; };
		EF169E70182A04F300748603 /* XCTest.framework */ = {isa = PBXFileReference; lastKnownFileType = wrapper.framework; name = XCTest.framework; path = Library/Frameworks/XCTest.framework; sourceTree = DEVELOPER_DIR; };
		EF169E78182A04F300748603 /* TherMalTests-Info.plist */ = {isa = PBXFileReference; lastKnownFileType = text.plist.xml; path = "TherMalTests-Info.plist"; sourceTree = "<group>"; };
		EF169E7A182A04F300748603 /* en */ = {isa = PBXFileReference; lastKnownFileType = text.plist.strings; name = en; path = en.lproj/InfoPlist.strings; sourceTree = "<group>"; };
		EF169E7C182A04F300748603 /* TherMalTests.m */ = {isa = PBXFileReference; lastKnownFileType = sourcecode.c.objc; path = TherMalTests.m; sourceTree = "<group>"; };
		EF169E86182A059F00748603 /* Thermal.h */ = {isa = PBXFileReference; fileEncoding = 4; lastKnownFileType = sourcecode.c.h; path = Thermal.h; sourceTree = "<group>"; };
		EF169E87182A059F00748603 /* Thermal.m */ = {isa = PBXFileReference; fileEncoding = 4; lastKnownFileType = sourcecode.c.objc; path = Thermal.m; sourceTree = "<group>"; };
		EF169E89182A05B500748603 /* FollowUp.h */ = {isa = PBXFileReference; fileEncoding = 4; lastKnownFileType = sourcecode.c.h; path = FollowUp.h; sourceTree = "<group>"; };
		EF169E8A182A05B500748603 /* FollowUp.m */ = {isa = PBXFileReference; fileEncoding = 4; lastKnownFileType = sourcecode.c.objc; path = FollowUp.m; sourceTree = "<group>"; };
		EF169E8C182A0F0A00748603 /* Encasements.h */ = {isa = PBXFileReference; fileEncoding = 4; lastKnownFileType = sourcecode.c.h; path = Encasements.h; sourceTree = "<group>"; };
		EF169E8D182A0F0A00748603 /* Encasements.m */ = {isa = PBXFileReference; fileEncoding = 4; lastKnownFileType = sourcecode.c.objc; path = Encasements.m; sourceTree = "<group>"; };
		EF169E8F182A0F1E00748603 /* Interceptors.h */ = {isa = PBXFileReference; fileEncoding = 4; lastKnownFileType = sourcecode.c.h; path = Interceptors.h; sourceTree = "<group>"; };
		EF169E90182A0F1E00748603 /* Interceptors.m */ = {isa = PBXFileReference; fileEncoding = 4; lastKnownFileType = sourcecode.c.objc; path = Interceptors.m; sourceTree = "<group>"; };
		EF3A10F2183B323D00ED99B4 /* ACEViewController.h */ = {isa = PBXFileReference; fileEncoding = 4; lastKnownFileType = sourcecode.c.h; path = ACEViewController.h; sourceTree = "<group>"; };
		EF3A10F3183B323D00ED99B4 /* ACEViewController.m */ = {isa = PBXFileReference; fileEncoding = 4; lastKnownFileType = sourcecode.c.objc; path = ACEViewController.m; sourceTree = "<group>"; };
		EFBEDE7B1835D55300C3DB8C /* Units.h */ = {isa = PBXFileReference; fileEncoding = 4; lastKnownFileType = sourcecode.c.h; path = Units.h; sourceTree = "<group>"; };
		EFBEDE7C1835D55300C3DB8C /* Units.m */ = {isa = PBXFileReference; fileEncoding = 4; lastKnownFileType = sourcecode.c.objc; path = Units.m; sourceTree = "<group>"; };
/* End PBXFileReference section */

/* Begin PBXFrameworksBuildPhase section */
		EF169E4B182A04F200748603 /* Frameworks */ = {
			isa = PBXFrameworksBuildPhase;
			buildActionMask = 2147483647;
			files = (
				EF169E54182A04F200748603 /* CoreGraphics.framework in Frameworks */,
				EF169E56182A04F200748603 /* UIKit.framework in Frameworks */,
				EF169E52182A04F200748603 /* Foundation.framework in Frameworks */,
				ABDE86F1A3F94D1D9FF234E3 /* libPods.a in Frameworks */,
			);
			runOnlyForDeploymentPostprocessing = 0;
		};
		EF169E6C182A04F300748603 /* Frameworks */ = {
			isa = PBXFrameworksBuildPhase;
			buildActionMask = 2147483647;
			files = (
				EF169E71182A04F300748603 /* XCTest.framework in Frameworks */,
				EF169E73182A04F300748603 /* UIKit.framework in Frameworks */,
				EF169E72182A04F300748603 /* Foundation.framework in Frameworks */,
			);
			runOnlyForDeploymentPostprocessing = 0;
		};
/* End PBXFrameworksBuildPhase section */

/* Begin PBXGroup section */
		EF169E45182A04F200748603 = {
			isa = PBXGroup;
			children = (
				EF169E57182A04F200748603 /* TherMal */,
				EF169E76182A04F300748603 /* TherMalTests */,
				EF169E50182A04F200748603 /* Frameworks */,
				EF169E4F182A04F200748603 /* Products */,
				652E559E17664679B40A9821 /* Pods.xcconfig */,
			);
			sourceTree = "<group>";
		};
		EF169E4F182A04F200748603 /* Products */ = {
			isa = PBXGroup;
			children = (
				EF169E4E182A04F200748603 /* TherMal.app */,
				EF169E6F182A04F300748603 /* TherMalTests.xctest */,
			);
			name = Products;
			sourceTree = "<group>";
		};
		EF169E50182A04F200748603 /* Frameworks */ = {
			isa = PBXGroup;
			children = (
				EF169E51182A04F200748603 /* Foundation.framework */,
				EF169E53182A04F200748603 /* CoreGraphics.framework */,
				EF169E55182A04F200748603 /* UIKit.framework */,
				EF169E70182A04F300748603 /* XCTest.framework */,
				50A8C702D27F4F76A3975F0B /* libPods.a */,
			);
			name = Frameworks;
			sourceTree = "<group>";
		};
		EF169E57182A04F200748603 /* TherMal */ = {
			isa = PBXGroup;
			children = (
				EF169E60182A04F200748603 /* AppDelegate.h */,
				EF169E61182A04F200748603 /* AppDelegate.m */,
				EF3A10F2183B323D00ED99B4 /* ACEViewController.h */,
				EF3A10F3183B323D00ED99B4 /* ACEViewController.m */,
				EF169E63182A04F200748603 /* Main.storyboard */,
				EF169E66182A04F200748603 /* ViewController.h */,
				EF169E67182A04F200748603 /* ViewController.m */,
				EF169E69182A04F200748603 /* Images.xcassets */,
				EF169E58182A04F200748603 /* Supporting Files */,
			);
			path = TherMal;
			sourceTree = "<group>";
		};
		EF169E58182A04F200748603 /* Supporting Files */ = {
			isa = PBXGroup;
			children = (
				EF169E59182A04F200748603 /* TherMal-Info.plist */,
				EF169E5A182A04F200748603 /* InfoPlist.strings */,
				EF169E5D182A04F200748603 /* main.m */,
				EF169E5F182A04F200748603 /* TherMal-Prefix.pch */,
				EF169E86182A059F00748603 /* Thermal.h */,
				EF169E87182A059F00748603 /* Thermal.m */,
				EF169E89182A05B500748603 /* FollowUp.h */,
				EF169E8A182A05B500748603 /* FollowUp.m */,
				EF169E8C182A0F0A00748603 /* Encasements.h */,
				EF169E8D182A0F0A00748603 /* Encasements.m */,
				EF169E8F182A0F1E00748603 /* Interceptors.h */,
				EF169E90182A0F1E00748603 /* Interceptors.m */,
				EFBEDE7B1835D55300C3DB8C /* Units.h */,
				EFBEDE7C1835D55300C3DB8C /* Units.m */,
			);
			name = "Supporting Files";
			sourceTree = "<group>";
		};
		EF169E76182A04F300748603 /* TherMalTests */ = {
			isa = PBXGroup;
			children = (
				EF169E7C182A04F300748603 /* TherMalTests.m */,
				EF169E77182A04F300748603 /* Supporting Files */,
			);
			path = TherMalTests;
			sourceTree = "<group>";
		};
		EF169E77182A04F300748603 /* Supporting Files */ = {
			isa = PBXGroup;
			children = (
				EF169E78182A04F300748603 /* TherMalTests-Info.plist */,
				EF169E79182A04F300748603 /* InfoPlist.strings */,
			);
			name = "Supporting Files";
			sourceTree = "<group>";
		};
/* End PBXGroup section */

/* Begin PBXNativeTarget section */
		EF169E4D182A04F200748603 /* TherMal */ = {
			isa = PBXNativeTarget;
			buildConfigurationList = EF169E80182A04F300748603 /* Build configuration list for PBXNativeTarget "TherMal" */;
			buildPhases = (
				EB12F6D9DA3F4F2391B37E25 /* Check Pods Manifest.lock */,
				EF169E4A182A04F200748603 /* Sources */,
				EF169E4B182A04F200748603 /* Frameworks */,
				EF169E4C182A04F200748603 /* Resources */,
				535C41E73B6B49C3BCA4FDE4 /* Copy Pods Resources */,
			);
			buildRules = (
			);
			dependencies = (
			);
			name = TherMal;
			productName = TherMal;
			productReference = EF169E4E182A04F200748603 /* TherMal.app */;
			productType = "com.apple.product-type.application";
		};
		EF169E6E182A04F300748603 /* TherMalTests */ = {
			isa = PBXNativeTarget;
			buildConfigurationList = EF169E83182A04F300748603 /* Build configuration list for PBXNativeTarget "TherMalTests" */;
			buildPhases = (
				EF169E6B182A04F300748603 /* Sources */,
				EF169E6C182A04F300748603 /* Frameworks */,
				EF169E6D182A04F300748603 /* Resources */,
			);
			buildRules = (
			);
			dependencies = (
				EF169E75182A04F300748603 /* PBXTargetDependency */,
			);
			name = TherMalTests;
			productName = TherMalTests;
			productReference = EF169E6F182A04F300748603 /* TherMalTests.xctest */;
			productType = "com.apple.product-type.bundle.unit-test";
		};
/* End PBXNativeTarget section */

/* Begin PBXProject section */
		EF169E46182A04F200748603 /* Project object */ = {
			isa = PBXProject;
			attributes = {
				LastUpgradeCheck = 0500;
				ORGANIZATIONNAME = Gabriel;
				TargetAttributes = {
					EF169E4D182A04F200748603 = {
						DevelopmentTeam = 5F7L2M2YUE;
					};
					EF169E6E182A04F300748603 = {
						TestTargetID = EF169E4D182A04F200748603;
					};
				};
			};
			buildConfigurationList = EF169E49182A04F200748603 /* Build configuration list for PBXProject "TherMal" */;
			compatibilityVersion = "Xcode 3.2";
			developmentRegion = English;
			hasScannedForEncodings = 0;
			knownRegions = (
				en,
				Base,
			);
			mainGroup = EF169E45182A04F200748603;
			productRefGroup = EF169E4F182A04F200748603 /* Products */;
			projectDirPath = "";
			projectRoot = "";
			targets = (
				EF169E4D182A04F200748603 /* TherMal */,
				EF169E6E182A04F300748603 /* TherMalTests */,
			);
		};
/* End PBXProject section */

/* Begin PBXResourcesBuildPhase section */
		EF169E4C182A04F200748603 /* Resources */ = {
			isa = PBXResourcesBuildPhase;
			buildActionMask = 2147483647;
			files = (
				EF169E6A182A04F200748603 /* Images.xcassets in Resources */,
				EF169E5C182A04F200748603 /* InfoPlist.strings in Resources */,
				EF169E65182A04F200748603 /* Main.storyboard in Resources */,
			);
			runOnlyForDeploymentPostprocessing = 0;
		};
		EF169E6D182A04F300748603 /* Resources */ = {
			isa = PBXResourcesBuildPhase;
			buildActionMask = 2147483647;
			files = (
				EF169E7B182A04F300748603 /* InfoPlist.strings in Resources */,
			);
			runOnlyForDeploymentPostprocessing = 0;
		};
/* End PBXResourcesBuildPhase section */

/* Begin PBXShellScriptBuildPhase section */
		535C41E73B6B49C3BCA4FDE4 /* Copy Pods Resources */ = {
			isa = PBXShellScriptBuildPhase;
			buildActionMask = 2147483647;
			files = (
			);
			inputPaths = (
			);
			name = "Copy Pods Resources";
			outputPaths = (
			);
			runOnlyForDeploymentPostprocessing = 0;
			shellPath = /bin/sh;
			shellScript = "\"${SRCROOT}/Pods/Pods-resources.sh\"\n";
			showEnvVarsInLog = 0;
		};
		EB12F6D9DA3F4F2391B37E25 /* Check Pods Manifest.lock */ = {
			isa = PBXShellScriptBuildPhase;
			buildActionMask = 2147483647;
			files = (
			);
			inputPaths = (
			);
			name = "Check Pods Manifest.lock";
			outputPaths = (
			);
			runOnlyForDeploymentPostprocessing = 0;
			shellPath = /bin/sh;
			shellScript = "diff \"${PODS_ROOT}/../Podfile.lock\" \"${PODS_ROOT}/Manifest.lock\" > /dev/null\nif [[ $? != 0 ]] ; then\n    cat << EOM\nerror: The sandbox is not in sync with the Podfile.lock. Run 'pod install' or update your CocoaPods installation.\nEOM\n    exit 1\nfi\n";
			showEnvVarsInLog = 0;
		};
/* End PBXShellScriptBuildPhase section */

/* Begin PBXSourcesBuildPhase section */
		EF169E4A182A04F200748603 /* Sources */ = {
			isa = PBXSourcesBuildPhase;
			buildActionMask = 2147483647;
			files = (
				EF169E8E182A0F0A00748603 /* Encasements.m in Sources */,
				EF169E91182A0F1E00748603 /* Interceptors.m in Sources */,
				EF169E68182A04F200748603 /* ViewController.m in Sources */,
				EF3A10F4183B323D00ED99B4 /* ACEViewController.m in Sources */,
				EF169E88182A059F00748603 /* Thermal.m in Sources */,
				EF169E8B182A05B500748603 /* FollowUp.m in Sources */,
				EFBEDE7D1835D55300C3DB8C /* Units.m in Sources */,
				EF169E62182A04F200748603 /* AppDelegate.m in Sources */,
				EF169E5E182A04F200748603 /* main.m in Sources */,
			);
			runOnlyForDeploymentPostprocessing = 0;
		};
		EF169E6B182A04F300748603 /* Sources */ = {
			isa = PBXSourcesBuildPhase;
			buildActionMask = 2147483647;
			files = (
				EF169E7D182A04F300748603 /* TherMalTests.m in Sources */,
			);
			runOnlyForDeploymentPostprocessing = 0;
		};
/* End PBXSourcesBuildPhase section */

/* Begin PBXTargetDependency section */
		EF169E75182A04F300748603 /* PBXTargetDependency */ = {
			isa = PBXTargetDependency;
			target = EF169E4D182A04F200748603 /* TherMal */;
			targetProxy = EF169E74182A04F300748603 /* PBXContainerItemProxy */;
		};
/* End PBXTargetDependency section */

/* Begin PBXVariantGroup section */
		EF169E5A182A04F200748603 /* InfoPlist.strings */ = {
			isa = PBXVariantGroup;
			children = (
				EF169E5B182A04F200748603 /* en */,
			);
			name = InfoPlist.strings;
			sourceTree = "<group>";
		};
		EF169E63182A04F200748603 /* Main.storyboard */ = {
			isa = PBXVariantGroup;
			children = (
				EF169E64182A04F200748603 /* Base */,
			);
			name = Main.storyboard;
			sourceTree = "<group>";
		};
		EF169E79182A04F300748603 /* InfoPlist.strings */ = {
			isa = PBXVariantGroup;
			children = (
				EF169E7A182A04F300748603 /* en */,
			);
			name = InfoPlist.strings;
			sourceTree = "<group>";
		};
/* End PBXVariantGroup section */

/* Begin XCBuildConfiguration section */
		EF169E7E182A04F300748603 /* Debug */ = {
			isa = XCBuildConfiguration;
			buildSettings = {
				ALWAYS_SEARCH_USER_PATHS = NO;
				ARCHS = "$(ARCHS_STANDARD_INCLUDING_64_BIT)";
				CLANG_CXX_LANGUAGE_STANDARD = "gnu++0x";
				CLANG_CXX_LIBRARY = "libc++";
				CLANG_ENABLE_MODULES = YES;
				CLANG_ENABLE_OBJC_ARC = YES;
				CLANG_WARN_BOOL_CONVERSION = YES;
				CLANG_WARN_CONSTANT_CONVERSION = YES;
				CLANG_WARN_DIRECT_OBJC_ISA_USAGE = YES_ERROR;
				CLANG_WARN_EMPTY_BODY = YES;
				CLANG_WARN_ENUM_CONVERSION = YES;
				CLANG_WARN_INT_CONVERSION = YES;
				CLANG_WARN_OBJC_ROOT_CLASS = YES_ERROR;
				CLANG_WARN__DUPLICATE_METHOD_MATCH = YES;
				CODE_SIGN_IDENTITY = "iPhone Developer";
				"CODE_SIGN_IDENTITY[sdk=iphoneos*]" = "iPhone Developer";
				COPY_PHASE_STRIP = NO;
				GCC_C_LANGUAGE_STANDARD = gnu99;
				GCC_DYNAMIC_NO_PIC = NO;
				GCC_OPTIMIZATION_LEVEL = 0;
				GCC_PREPROCESSOR_DEFINITIONS = (
					"DEBUG=1",
					"$(inherited)",
				);
				GCC_SYMBOLS_PRIVATE_EXTERN = NO;
				GCC_WARN_64_TO_32_BIT_CONVERSION = YES;
				GCC_WARN_ABOUT_RETURN_TYPE = YES_ERROR;
				GCC_WARN_UNDECLARED_SELECTOR = YES;
				GCC_WARN_UNINITIALIZED_AUTOS = YES;
				GCC_WARN_UNUSED_FUNCTION = YES;
				GCC_WARN_UNUSED_VARIABLE = YES;
				IPHONEOS_DEPLOYMENT_TARGET = 7.0;
				ONLY_ACTIVE_ARCH = YES;
				PROVISIONING_PROFILE = "";
				SDKROOT = iphoneos;
			};
			name = Debug;
		};
		EF169E7F182A04F300748603 /* Release */ = {
			isa = XCBuildConfiguration;
			buildSettings = {
				ALWAYS_SEARCH_USER_PATHS = NO;
				ARCHS = "$(ARCHS_STANDARD_INCLUDING_64_BIT)";
				CLANG_CXX_LANGUAGE_STANDARD = "gnu++0x";
				CLANG_CXX_LIBRARY = "libc++";
				CLANG_ENABLE_MODULES = YES;
				CLANG_ENABLE_OBJC_ARC = YES;
				CLANG_WARN_BOOL_CONVERSION = YES;
				CLANG_WARN_CONSTANT_CONVERSION = YES;
				CLANG_WARN_DIRECT_OBJC_ISA_USAGE = YES_ERROR;
				CLANG_WARN_EMPTY_BODY = YES;
				CLANG_WARN_ENUM_CONVERSION = YES;
				CLANG_WARN_INT_CONVERSION = YES;
				CLANG_WARN_OBJC_ROOT_CLASS = YES_ERROR;
				CLANG_WARN__DUPLICATE_METHOD_MATCH = YES;
				CODE_SIGN_IDENTITY = "iPhone Developer";
				"CODE_SIGN_IDENTITY[sdk=iphoneos*]" = "iPhone Developer";
				COPY_PHASE_STRIP = YES;
				ENABLE_NS_ASSERTIONS = NO;
				GCC_C_LANGUAGE_STANDARD = gnu99;
				GCC_WARN_64_TO_32_BIT_CONVERSION = YES;
				GCC_WARN_ABOUT_RETURN_TYPE = YES_ERROR;
				GCC_WARN_UNDECLARED_SELECTOR = YES;
				GCC_WARN_UNINITIALIZED_AUTOS = YES;
				GCC_WARN_UNUSED_FUNCTION = YES;
				GCC_WARN_UNUSED_VARIABLE = YES;
				IPHONEOS_DEPLOYMENT_TARGET = 7.0;
				PROVISIONING_PROFILE = "";
				SDKROOT = iphoneos;
				VALIDATE_PRODUCT = YES;
			};
			name = Release;
		};
		EF169E81182A04F300748603 /* Debug */ = {
			isa = XCBuildConfiguration;
			baseConfigurationReference = 652E559E17664679B40A9821 /* Pods.xcconfig */;
			buildSettings = {
				ASSETCATALOG_COMPILER_APPICON_NAME = AppIcon;
				ASSETCATALOG_COMPILER_LAUNCHIMAGE_NAME = LaunchImage;
				CODE_SIGN_IDENTITY = "iPhone Developer";
				"CODE_SIGN_IDENTITY[sdk=iphoneos*]" = "iPhone Developer";
				GCC_PRECOMPILE_PREFIX_HEADER = YES;
				GCC_PREFIX_HEADER = "TherMal/TherMal-Prefix.pch";
				INFOPLIST_FILE = "TherMal/TherMal-Info.plist";
				PRODUCT_NAME = "$(TARGET_NAME)";
				PROVISIONING_PROFILE = "";
				WRAPPER_EXTENSION = app;
			};
			name = Debug;
		};
		EF169E82182A04F300748603 /* Release */ = {
			isa = XCBuildConfiguration;
			baseConfigurationReference = 652E559E17664679B40A9821 /* Pods.xcconfig */;
			buildSettings = {
				ASSETCATALOG_COMPILER_APPICON_NAME = AppIcon;
				ASSETCATALOG_COMPILER_LAUNCHIMAGE_NAME = LaunchImage;
				CODE_SIGN_IDENTITY = "iPhone Developer";
				"CODE_SIGN_IDENTITY[sdk=iphoneos*]" = "iPhone Developer";
				GCC_PRECOMPILE_PREFIX_HEADER = YES;
				GCC_PREFIX_HEADER = "TherMal/TherMal-Prefix.pch";
				INFOPLIST_FILE = "TherMal/TherMal-Info.plist";
				PRODUCT_NAME = "$(TARGET_NAME)";
				PROVISIONING_PROFILE = "";
				WRAPPER_EXTENSION = app;
			};
			name = Release;
		};
		EF169E84182A04F300748603 /* Debug */ = {
			isa = XCBuildConfiguration;
			buildSettings = {
				ARCHS = "$(ARCHS_STANDARD_INCLUDING_64_BIT)";
				BUNDLE_LOADER = "$(BUILT_PRODUCTS_DIR)/TherMal.app/TherMal";
				FRAMEWORK_SEARCH_PATHS = (
					"$(SDKROOT)/Developer/Library/Frameworks",
					"$(inherited)",
					"$(DEVELOPER_FRAMEWORKS_DIR)",
				);
				GCC_PRECOMPILE_PREFIX_HEADER = YES;
				GCC_PREFIX_HEADER = "TherMal/TherMal-Prefix.pch";
				GCC_PREPROCESSOR_DEFINITIONS = (
					"DEBUG=1",
					"$(inherited)",
				);
				INFOPLIST_FILE = "TherMalTests/TherMalTests-Info.plist";
				PRODUCT_NAME = "$(TARGET_NAME)";
				TEST_HOST = "$(BUNDLE_LOADER)";
				WRAPPER_EXTENSION = xctest;
			};
			name = Debug;
		};
		EF169E85182A04F300748603 /* Release */ = {
			isa = XCBuildConfiguration;
			buildSettings = {
				ARCHS = "$(ARCHS_STANDARD_INCLUDING_64_BIT)";
				BUNDLE_LOADER = "$(BUILT_PRODUCTS_DIR)/TherMal.app/TherMal";
				FRAMEWORK_SEARCH_PATHS = (
					"$(SDKROOT)/Developer/Library/Frameworks",
					"$(inherited)",
					"$(DEVELOPER_FRAMEWORKS_DIR)",
				);
				GCC_PRECOMPILE_PREFIX_HEADER = YES;
				GCC_PREFIX_HEADER = "TherMal/TherMal-Prefix.pch";
				INFOPLIST_FILE = "TherMalTests/TherMalTests-Info.plist";
				PRODUCT_NAME = "$(TARGET_NAME)";
				TEST_HOST = "$(BUNDLE_LOADER)";
				WRAPPER_EXTENSION = xctest;
			};
			name = Release;
		};
/* End XCBuildConfiguration section */

/* Begin XCConfigurationList section */
		EF169E49182A04F200748603 /* Build configuration list for PBXProject "TherMal" */ = {
			isa = XCConfigurationList;
			buildConfigurations = (
				EF169E7E182A04F300748603 /* Debug */,
				EF169E7F182A04F300748603 /* Release */,
			);
			defaultConfigurationIsVisible = 0;
			defaultConfigurationName = Release;
		};
		EF169E80182A04F300748603 /* Build configuration list for PBXNativeTarget "TherMal" */ = {
			isa = XCConfigurationList;
			buildConfigurations = (
				EF169E81182A04F300748603 /* Debug */,
				EF169E82182A04F300748603 /* Release */,
			);
			defaultConfigurationIsVisible = 0;
			defaultConfigurationName = Release;
		};
		EF169E83182A04F300748603 /* Build configuration list for PBXNativeTarget "TherMalTests" */ = {
			isa = XCConfigurationList;
			buildConfigurations = (
				EF169E84182A04F300748603 /* Debug */,
				EF169E85182A04F300748603 /* Release */,
			);
			defaultConfigurationIsVisible = 0;
			defaultConfigurationName = Release;
		};
/* End XCConfigurationList section */
	};
	rootObject = EF169E46182A04F200748603 /* Project object */;
}
